<?xml version="1.0" encoding="utf-8"?>
<Project ToolsVersion="4.0" xmlns="http://schemas.microsoft.com/developer/msbuild/2003">
  <ItemGroup>
    <Filter Include="Source Files">
      <UniqueIdentifier>{4FC737F1-C7A5-4376-A066-2A32D752A2FF}</UniqueIdentifier>
      <Extensions>cpp;c;cc;cxx;def;odl;idl;hpj;bat;asm;asmx</Extensions>
    </Filter>
    <Filter Include="Header Files">
      <UniqueIdentifier>{93995380-89BD-4b04-88EB-625FBE52EBFB}</UniqueIdentifier>
      <Extensions>h;hpp;hxx;hm;inl;inc;xsd</Extensions>
    </Filter>
    <Filter Include="Shaders">
      <UniqueIdentifier>{040ba912-62fd-41ce-8853-a24815eaab0d}</UniqueIdentifier>
    </Filter>
    <Filter Include="Screens">
      <UniqueIdentifier>{485e5791-4e2d-4ce3-8542-849e860f43a4}</UniqueIdentifier>
    </Filter>
    <Filter Include="ParticleEngine">
      <UniqueIdentifier>{eccab0ff-e38f-4c81-a3b2-416ee9321931}</UniqueIdentifier>
    </Filter>
    <Filter Include="PhysicsEngine">
      <UniqueIdentifier>{e6ee67b5-61f3-4255-8b54-123f5be47d5f}</UniqueIdentifier>
    </Filter>
  </ItemGroup>
  <ItemGroup>
    <ClCompile Include="main.cpp">
      <Filter>Source Files</Filter>
    </ClCompile>
    <ClCompile Include="Player.cpp">
      <Filter>Source Files</Filter>
    </ClCompile>
    <ClCompile Include="SceneManager.cpp">
      <Filter>Source Files</Filter>
    </ClCompile>
    <ClCompile Include="SceneObject.cpp">
      <Filter>Source Files</Filter>
    </ClCompile>
    <ClCompile Include="Light.cpp">
      <Filter>Source Files</Filter>
    </ClCompile>
    <ClCompile Include="Fire.cpp">
      <Filter>Source Files</Filter>
    </ClCompile>
    <ClCompile Include="Application.cpp">
      <Filter>Source Files</Filter>
    </ClCompile>
    <ClCompile Include="ScreenManager.cpp">
      <Filter>Source Files</Filter>
    </ClCompile>
    <ClCompile Include="Renderer.cpp">
      <Filter>Source Files</Filter>
    </ClCompile>
    <ClCompile Include="MainMenu.cpp">
      <Filter>Screens</Filter>
    </ClCompile>
    <ClCompile Include="ParticleEmitter.cpp">
      <Filter>ParticleEngine</Filter>
    </ClCompile>
    <ClCompile Include="ParticleEmitterFactory.cpp">
      <Filter>ParticleEngine</Filter>
    </ClCompile>
    <ClCompile Include="ParticleEngine.cpp">
      <Filter>ParticleEngine</Filter>
    </ClCompile>
    <ClCompile Include="DustParticle.cpp">
      <Filter>ParticleEngine</Filter>
    </ClCompile>
    <ClCompile Include="GlobalEmitter.cpp">
      <Filter>ParticleEngine</Filter>
    </ClCompile>
    <ClCompile Include="Edge.cpp">
      <Filter>PhysicsEngine</Filter>
    </ClCompile>
    <ClCompile Include="PhysicsBody.cpp">
      <Filter>PhysicsEngine</Filter>
    </ClCompile>
    <ClCompile Include="PhysicsEngine.cpp">
      <Filter>PhysicsEngine</Filter>
    </ClCompile>
    <ClCompile Include="VerletPoint.cpp">
      <Filter>PhysicsEngine</Filter>
    </ClCompile>
    <ClCompile Include="BoundingBox.cpp">
      <Filter>PhysicsEngine</Filter>
    </ClCompile>
    <ClCompile Include="GameScreen.cpp">
      <Filter>Screens</Filter>
    </ClCompile>
    <ClCompile Include="Button.cpp">
      <Filter>Source Files</Filter>
    </ClCompile>
    <ClCompile Include="Background.cpp">
      <Filter>Source Files</Filter>
    </ClCompile>
    <ClCompile Include="Precompiled.cpp">
      <Filter>Source Files</Filter>
    </ClCompile>
    <ClCompile Include="Terrain.cpp">
      <Filter>Source Files</Filter>
    </ClCompile>
    <ClCompile Include="CeilingTerrain.cpp">
      <Filter>Source Files</Filter>
    </ClCompile>
    <ClCompile Include="SmokeParticle.cpp">
      <Filter>ParticleEngine</Filter>
    </ClCompile>
    <ClCompile Include="SmokeManager.cpp">
      <Filter>ParticleEngine</Filter>
    </ClCompile>
    <ClCompile Include="Player2.cpp">
      <Filter>Source Files</Filter>
    </ClCompile>
  </ItemGroup>
  <ItemGroup>
    <ClInclude Include="Player.h">
      <Filter>Header Files</Filter>
    </ClInclude>
    <ClInclude Include="Precompiled.h">
      <Filter>Header Files</Filter>
    </ClInclude>
    <ClInclude Include="SceneManager.h">
      <Filter>Header Files</Filter>
    </ClInclude>
    <ClInclude Include="SceneObject.h">
      <Filter>Header Files</Filter>
    </ClInclude>
    <ClInclude Include="Light.h">
      <Filter>Header Files</Filter>
    </ClInclude>
    <ClInclude Include="Fire.h">
      <Filter>Header Files</Filter>
    </ClInclude>
    <ClInclude Include="Application.h">
      <Filter>Header Files</Filter>
    </ClInclude>
    <ClInclude Include="ScreenManager.h">
      <Filter>Header Files</Filter>
    </ClInclude>
    <ClInclude Include="Renderer.h">
      <Filter>Header Files</Filter>
    </ClInclude>
    <ClInclude Include="Screen.h">
      <Filter>Header Files</Filter>
    </ClInclude>
    <ClInclude Include="MainMenu.h">
      <Filter>Screens</Filter>
    </ClInclude>
    <ClInclude Include="Globals.h">
      <Filter>Header Files</Filter>
    </ClInclude>
    <ClInclude Include="ParticleEmitter.h">
      <Filter>ParticleEngine</Filter>
    </ClInclude>
    <ClInclude Include="ParticleEmitterFactory.h">
      <Filter>ParticleEngine</Filter>
    </ClInclude>
    <ClInclude Include="Math.h">
      <Filter>Header Files</Filter>
    </ClInclude>
    <ClInclude Include="Particle.h">
      <Filter>ParticleEngine</Filter>
    </ClInclude>
    <ClInclude Include="ParticleEngine.h">
      <Filter>ParticleEngine</Filter>
    </ClInclude>
    <ClInclude Include="DustParticle.h">
      <Filter>ParticleEngine</Filter>
    </ClInclude>
    <ClInclude Include="GlobalEmitter.h">
      <Filter>ParticleEngine</Filter>
    </ClInclude>
    <ClInclude Include="Edge.h">
      <Filter>PhysicsEngine</Filter>
    </ClInclude>
    <ClInclude Include="PhysicsBody.h">
      <Filter>PhysicsEngine</Filter>
    </ClInclude>
    <ClInclude Include="PhysicsEngine.h">
      <Filter>PhysicsEngine</Filter>
    </ClInclude>
    <ClInclude Include="VerletPoint.h">
      <Filter>PhysicsEngine</Filter>
    </ClInclude>
    <ClInclude Include="BoundingBox.h">
      <Filter>PhysicsEngine</Filter>
    </ClInclude>
    <ClInclude Include="GameScreen.h">
      <Filter>Screens</Filter>
    </ClInclude>
    <ClInclude Include="Button.h">
      <Filter>Header Files</Filter>
    </ClInclude>
    <ClInclude Include="Background.h">
      <Filter>Header Files</Filter>
    </ClInclude>
    <ClInclude Include="Terrain.h">
      <Filter>Header Files</Filter>
    </ClInclude>
    <ClInclude Include="CeilingTerrain.h">
      <Filter>Header Files</Filter>
    </ClInclude>
    <ClInclude Include="SmokeParticle.h">
      <Filter>ParticleEngine</Filter>
    </ClInclude>
    <ClInclude Include="SmokeManager.h">
      <Filter>ParticleEngine</Filter>
    </ClInclude>
    <ClInclude Include="Player2.h">
      <Filter>Header Files</Filter>
    </ClInclude>
  </ItemGroup>
  <ItemGroup>
    <None Include="Light.frag">
      <Filter>Shaders</Filter>
    </None>
    <None Include="Vertex.vert">
      <Filter>Shaders</Filter>
    </None>
  </ItemGroup>
</Project>